// !$*UTF8*$!
{
	archiveVersion = 1;
	classes = {
	};
	objectVersion = 56;
	objects = {

/* Begin PBXBuildFile section */
		4D6B45CB2B24EBBC003ABCAC /* iOSTestDevOpsApp.swift in Sources */ = {isa = PBXBuildFile; fileRef = 4D6B45CA2B24EBBC003ABCAC /* iOSTestDevOpsApp.swift */; };
		4D6B45CD2B24EBBC003ABCAC /* ContentView.swift in Sources */ = {isa = PBXBuildFile; fileRef = 4D6B45CC2B24EBBC003ABCAC /* ContentView.swift */; };
		4D6B45CF2B24EBBD003ABCAC /* Assets.xcassets in Resources */ = {isa = PBXBuildFile; fileRef = 4D6B45CE2B24EBBD003ABCAC /* Assets.xcassets */; };
		4D6B45D22B24EBBD003ABCAC /* Preview Assets.xcassets in Resources */ = {isa = PBXBuildFile; fileRef = 4D6B45D12B24EBBD003ABCAC /* Preview Assets.xcassets */; };
		4D6B45DC2B24EBBD003ABCAC /* iOSTestDevOpsTests.swift in Sources */ = {isa = PBXBuildFile; fileRef = 4D6B45DB2B24EBBD003ABCAC /* iOSTestDevOpsTests.swift */; };
		4D6B45E62B24EBBD003ABCAC /* iOSTestDevOpsUITests.swift in Sources */ = {isa = PBXBuildFile; fileRef = 4D6B45E52B24EBBD003ABCAC /* iOSTestDevOpsUITests.swift */; };
		4D6B45E82B24EBBD003ABCAC /* iOSTestDevOpsUITestsLaunchTests.swift in Sources */ = {isa = PBXBuildFile; fileRef = 4D6B45E72B24EBBD003ABCAC /* iOSTestDevOpsUITestsLaunchTests.swift */; };
/* End PBXBuildFile section */

/* Begin PBXContainerItemProxy section */
		4D6B45D82B24EBBD003ABCAC /* PBXContainerItemProxy */ = {
			isa = PBXContainerItemProxy;
			containerPortal = 4D6B45BF2B24EBBB003ABCAC /* Project object */;
			proxyType = 1;
			remoteGlobalIDString = 4D6B45C62B24EBBB003ABCAC;
			remoteInfo = iOSTestDevOps;
		};
		4D6B45E22B24EBBD003ABCAC /* PBXContainerItemProxy */ = {
			isa = PBXContainerItemProxy;
			containerPortal = 4D6B45BF2B24EBBB003ABCAC /* Project object */;
			proxyType = 1;
			remoteGlobalIDString = 4D6B45C62B24EBBB003ABCAC;
			remoteInfo = iOSTestDevOps;
		};
/* End PBXContainerItemProxy section */

/* Begin PBXFileReference section */
		4D6B45C72B24EBBB003ABCAC /* iOSTestDevOps.app */ = {isa = PBXFileReference; explicitFileType = wrapper.application; includeInIndex = 0; path = iOSTestDevOps.app; sourceTree = BUILT_PRODUCTS_DIR; };
		4D6B45CA2B24EBBC003ABCAC /* iOSTestDevOpsApp.swift */ = {isa = PBXFileReference; lastKnownFileType = sourcecode.swift; path = iOSTestDevOpsApp.swift; sourceTree = "<group>"; };
		4D6B45CC2B24EBBC003ABCAC /* ContentView.swift */ = {isa = PBXFileReference; lastKnownFileType = sourcecode.swift; path = ContentView.swift; sourceTree = "<group>"; };
		4D6B45CE2B24EBBD003ABCAC /* Assets.xcassets */ = {isa = PBXFileReference; lastKnownFileType = folder.assetcatalog; path = Assets.xcassets; sourceTree = "<group>"; };
		4D6B45D12B24EBBD003ABCAC /* Preview Assets.xcassets */ = {isa = PBXFileReference; lastKnownFileType = folder.assetcatalog; path = "Preview Assets.xcassets"; sourceTree = "<group>"; };
		4D6B45D72B24EBBD003ABCAC /* iOSTestDevOpsTests.xctest */ = {isa = PBXFileReference; explicitFileType = wrapper.cfbundle; includeInIndex = 0; path = iOSTestDevOpsTests.xctest; sourceTree = BUILT_PRODUCTS_DIR; };
		4D6B45DB2B24EBBD003ABCAC /* iOSTestDevOpsTests.swift */ = {isa = PBXFileReference; lastKnownFileType = sourcecode.swift; path = iOSTestDevOpsTests.swift; sourceTree = "<group>"; };
		4D6B45E12B24EBBD003ABCAC /* iOSTestDevOpsUITests.xctest */ = {isa = PBXFileReference; explicitFileType = wrapper.cfbundle; includeInIndex = 0; path = iOSTestDevOpsUITests.xctest; sourceTree = BUILT_PRODUCTS_DIR; };
		4D6B45E52B24EBBD003ABCAC /* iOSTestDevOpsUITests.swift */ = {isa = PBXFileReference; lastKnownFileType = sourcecode.swift; path = iOSTestDevOpsUITests.swift; sourceTree = "<group>"; };
		4D6B45E72B24EBBD003ABCAC /* iOSTestDevOpsUITestsLaunchTests.swift */ = {isa = PBXFileReference; lastKnownFileType = sourcecode.swift; path = iOSTestDevOpsUITestsLaunchTests.swift; sourceTree = "<group>"; };
/* End PBXFileReference section */

/* Begin PBXFrameworksBuildPhase section */
		4D6B45C42B24EBBB003ABCAC /* Frameworks */ = {
			isa = PBXFrameworksBuildPhase;
			buildActionMask = 2147483647;
			files = (
			);
			runOnlyForDeploymentPostprocessing = 0;
		};
		4D6B45D42B24EBBD003ABCAC /* Frameworks */ = {
			isa = PBXFrameworksBuildPhase;
			buildActionMask = 2147483647;
			files = (
			);
			runOnlyForDeploymentPostprocessing = 0;
		};
		4D6B45DE2B24EBBD003ABCAC /* Frameworks */ = {
			isa = PBXFrameworksBuildPhase;
			buildActionMask = 2147483647;
			files = (
			);
			runOnlyForDeploymentPostprocessing = 0;
		};
/* End PBXFrameworksBuildPhase section */

/* Begin PBXGroup section */
		4D6B45BE2B24EBBB003ABCAC = {
			isa = PBXGroup;
			children = (
				4D6B45C92B24EBBC003ABCAC /* iOSTestDevOps */,
				4D6B45DA2B24EBBD003ABCAC /* iOSTestDevOpsTests */,
				4D6B45E42B24EBBD003ABCAC /* iOSTestDevOpsUITests */,
				4D6B45C82B24EBBB003ABCAC /* Products */,
			);
			sourceTree = "<group>";
		};
		4D6B45C82B24EBBB003ABCAC /* Products */ = {
			isa = PBXGroup;
			children = (
				4D6B45C72B24EBBB003ABCAC /* iOSTestDevOps.app */,
				4D6B45D72B24EBBD003ABCAC /* iOSTestDevOpsTests.xctest */,
				4D6B45E12B24EBBD003ABCAC /* iOSTestDevOpsUITests.xctest */,
			);
			name = Products;
			sourceTree = "<group>";
		};
		4D6B45C92B24EBBC003ABCAC /* iOSTestDevOps */ = {
			isa = PBXGroup;
			children = (
				4D6B45CA2B24EBBC003ABCAC /* iOSTestDevOpsApp.swift */,
				4D6B45CC2B24EBBC003ABCAC /* ContentView.swift */,
				4D6B45CE2B24EBBD003ABCAC /* Assets.xcassets */,
				4D6B45D02B24EBBD003ABCAC /* Preview Content */,
			);
			path = iOSTestDevOps;
			sourceTree = "<group>";
		};
		4D6B45D02B24EBBD003ABCAC /* Preview Content */ = {
			isa = PBXGroup;
			children = (
				4D6B45D12B24EBBD003ABCAC /* Preview Assets.xcassets */,
			);
			path = "Preview Content";
			sourceTree = "<group>";
		};
		4D6B45DA2B24EBBD003ABCAC /* iOSTestDevOpsTests */ = {
			isa = PBXGroup;
			children = (
				4D6B45DB2B24EBBD003ABCAC /* iOSTestDevOpsTests.swift */,
			);
			path = iOSTestDevOpsTests;
			sourceTree = "<group>";
		};
		4D6B45E42B24EBBD003ABCAC /* iOSTestDevOpsUITests */ = {
			isa = PBXGroup;
			children = (
				4D6B45E52B24EBBD003ABCAC /* iOSTestDevOpsUITests.swift */,
				4D6B45E72B24EBBD003ABCAC /* iOSTestDevOpsUITestsLaunchTests.swift */,
			);
			path = iOSTestDevOpsUITests;
			sourceTree = "<group>";
		};
/* End PBXGroup section */

/* Begin PBXNativeTarget section */
		4D6B45C62B24EBBB003ABCAC /* iOSTestDevOps */ = {
			isa = PBXNativeTarget;
			buildConfigurationList = 4D6B45EB2B24EBBD003ABCAC /* Build configuration list for PBXNativeTarget "iOSTestDevOps" */;
			buildPhases = (
				4D6B45C32B24EBBB003ABCAC /* Sources */,
				4D6B45C42B24EBBB003ABCAC /* Frameworks */,
				4D6B45C52B24EBBB003ABCAC /* Resources */,
			);
			buildRules = (
			);
			dependencies = (
			);
			name = iOSTestDevOps;
			productName = iOSTestDevOps;
			productReference = 4D6B45C72B24EBBB003ABCAC /* iOSTestDevOps.app */;
			productType = "com.apple.product-type.application";
		};
		4D6B45D62B24EBBD003ABCAC /* iOSTestDevOpsTests */ = {
			isa = PBXNativeTarget;
			buildConfigurationList = 4D6B45EE2B24EBBD003ABCAC /* Build configuration list for PBXNativeTarget "iOSTestDevOpsTests" */;
			buildPhases = (
				4D6B45D32B24EBBD003ABCAC /* Sources */,
				4D6B45D42B24EBBD003ABCAC /* Frameworks */,
				4D6B45D52B24EBBD003ABCAC /* Resources */,
			);
			buildRules = (
			);
			dependencies = (
				4D6B45D92B24EBBD003ABCAC /* PBXTargetDependency */,
			);
			name = iOSTestDevOpsTests;
			productName = iOSTestDevOpsTests;
			productReference = 4D6B45D72B24EBBD003ABCAC /* iOSTestDevOpsTests.xctest */;
			productType = "com.apple.product-type.bundle.unit-test";
		};
		4D6B45E02B24EBBD003ABCAC /* iOSTestDevOpsUITests */ = {
			isa = PBXNativeTarget;
			buildConfigurationList = 4D6B45F12B24EBBD003ABCAC /* Build configuration list for PBXNativeTarget "iOSTestDevOpsUITests" */;
			buildPhases = (
				4D6B45DD2B24EBBD003ABCAC /* Sources */,
				4D6B45DE2B24EBBD003ABCAC /* Frameworks */,
				4D6B45DF2B24EBBD003ABCAC /* Resources */,
			);
			buildRules = (
			);
			dependencies = (
				4D6B45E32B24EBBD003ABCAC /* PBXTargetDependency */,
			);
			name = iOSTestDevOpsUITests;
			productName = iOSTestDevOpsUITests;
			productReference = 4D6B45E12B24EBBD003ABCAC /* iOSTestDevOpsUITests.xctest */;
			productType = "com.apple.product-type.bundle.ui-testing";
		};
/* End PBXNativeTarget section */

/* Begin PBXProject section */
		4D6B45BF2B24EBBB003ABCAC /* Project object */ = {
			isa = PBXProject;
			attributes = {
				BuildIndependentTargetsInParallel = 1;
				LastSwiftUpdateCheck = 1500;
				LastUpgradeCheck = 1500;
				TargetAttributes = {
					4D6B45C62B24EBBB003ABCAC = {
						CreatedOnToolsVersion = 15.0.1;
					};
					4D6B45D62B24EBBD003ABCAC = {
						CreatedOnToolsVersion = 15.0.1;
						TestTargetID = 4D6B45C62B24EBBB003ABCAC;
					};
					4D6B45E02B24EBBD003ABCAC = {
						CreatedOnToolsVersion = 15.0.1;
						TestTargetID = 4D6B45C62B24EBBB003ABCAC;
					};
				};
			};
			buildConfigurationList = 4D6B45C22B24EBBB003ABCAC /* Build configuration list for PBXProject "iOSTestDevOps" */;
			compatibilityVersion = "Xcode 14.0";
			developmentRegion = en;
			hasScannedForEncodings = 0;
			knownRegions = (
				en,
				Base,
			);
			mainGroup = 4D6B45BE2B24EBBB003ABCAC;
			productRefGroup = 4D6B45C82B24EBBB003ABCAC /* Products */;
			projectDirPath = "";
			projectRoot = "";
			targets = (
				4D6B45C62B24EBBB003ABCAC /* iOSTestDevOps */,
				4D6B45D62B24EBBD003ABCAC /* iOSTestDevOpsTests */,
				4D6B45E02B24EBBD003ABCAC /* iOSTestDevOpsUITests */,
			);
		};
/* End PBXProject section */

/* Begin PBXResourcesBuildPhase section */
		4D6B45C52B24EBBB003ABCAC /* Resources */ = {
			isa = PBXResourcesBuildPhase;
			buildActionMask = 2147483647;
			files = (
				4D6B45D22B24EBBD003ABCAC /* Preview Assets.xcassets in Resources */,
				4D6B45CF2B24EBBD003ABCAC /* Assets.xcassets in Resources */,
			);
			runOnlyForDeploymentPostprocessing = 0;
		};
		4D6B45D52B24EBBD003ABCAC /* Resources */ = {
			isa = PBXResourcesBuildPhase;
			buildActionMask = 2147483647;
			files = (
			);
			runOnlyForDeploymentPostprocessing = 0;
		};
		4D6B45DF2B24EBBD003ABCAC /* Resources */ = {
			isa = PBXResourcesBuildPhase;
			buildActionMask = 2147483647;
			files = (
			);
			runOnlyForDeploymentPostprocessing = 0;
		};
/* End PBXResourcesBuildPhase section */

/* Begin PBXSourcesBuildPhase section */
		4D6B45C32B24EBBB003ABCAC /* Sources */ = {
			isa = PBXSourcesBuildPhase;
			buildActionMask = 2147483647;
			files = (
				4D6B45CD2B24EBBC003ABCAC /* ContentView.swift in Sources */,
				4D6B45CB2B24EBBC003ABCAC /* iOSTestDevOpsApp.swift in Sources */,
			);
			runOnlyForDeploymentPostprocessing = 0;
		};
		4D6B45D32B24EBBD003ABCAC /* Sources */ = {
			isa = PBXSourcesBuildPhase;
			buildActionMask = 2147483647;
			files = (
				4D6B45DC2B24EBBD003ABCAC /* iOSTestDevOpsTests.swift in Sources */,
			);
			runOnlyForDeploymentPostprocessing = 0;
		};
		4D6B45DD2B24EBBD003ABCAC /* Sources */ = {
			isa = PBXSourcesBuildPhase;
			buildActionMask = 2147483647;
			files = (
				4D6B45E62B24EBBD003ABCAC /* iOSTestDevOpsUITests.swift in Sources */,
				4D6B45E82B24EBBD003ABCAC /* iOSTestDevOpsUITestsLaunchTests.swift in Sources */,
			);
			runOnlyForDeploymentPostprocessing = 0;
		};
/* End PBXSourcesBuildPhase section */

/* Begin PBXTargetDependency section */
		4D6B45D92B24EBBD003ABCAC /* PBXTargetDependency */ = {
			isa = PBXTargetDependency;
			target = 4D6B45C62B24EBBB003ABCAC /* iOSTestDevOps */;
			targetProxy = 4D6B45D82B24EBBD003ABCAC /* PBXContainerItemProxy */;
		};
		4D6B45E32B24EBBD003ABCAC /* PBXTargetDependency */ = {
			isa = PBXTargetDependency;
			target = 4D6B45C62B24EBBB003ABCAC /* iOSTestDevOps */;
			targetProxy = 4D6B45E22B24EBBD003ABCAC /* PBXContainerItemProxy */;
		};
/* End PBXTargetDependency section */

/* Begin XCBuildConfiguration section */
		4D6B45E92B24EBBD003ABCAC /* Debug */ = {
			isa = XCBuildConfiguration;
			buildSettings = {
				ALWAYS_SEARCH_USER_PATHS = NO;
				ASSETCATALOG_COMPILER_GENERATE_SWIFT_ASSET_SYMBOL_EXTENSIONS = YES;
				CLANG_ANALYZER_NONNULL = YES;
				CLANG_ANALYZER_NUMBER_OBJECT_CONVERSION = YES_AGGRESSIVE;
				CLANG_CXX_LANGUAGE_STANDARD = "gnu++20";
				CLANG_ENABLE_MODULES = YES;
				CLANG_ENABLE_OBJC_ARC = YES;
				CLANG_ENABLE_OBJC_WEAK = YES;
				CLANG_WARN_BLOCK_CAPTURE_AUTORELEASING = YES;
				CLANG_WARN_BOOL_CONVERSION = YES;
				CLANG_WARN_COMMA = YES;
				CLANG_WARN_CONSTANT_CONVERSION = YES;
				CLANG_WARN_DEPRECATED_OBJC_IMPLEMENTATIONS = YES;
				CLANG_WARN_DIRECT_OBJC_ISA_USAGE = YES_ERROR;
				CLANG_WARN_DOCUMENTATION_COMMENTS = YES;
				CLANG_WARN_EMPTY_BODY = YES;
				CLANG_WARN_ENUM_CONVERSION = YES;
				CLANG_WARN_INFINITE_RECURSION = YES;
				CLANG_WARN_INT_CONVERSION = YES;
				CLANG_WARN_NON_LITERAL_NULL_CONVERSION = YES;
				CLANG_WARN_OBJC_IMPLICIT_RETAIN_SELF = YES;
				CLANG_WARN_OBJC_LITERAL_CONVERSION = YES;
				CLANG_WARN_OBJC_ROOT_CLASS = YES_ERROR;
				CLANG_WARN_QUOTED_INCLUDE_IN_FRAMEWORK_HEADER = YES;
				CLANG_WARN_RANGE_LOOP_ANALYSIS = YES;
				CLANG_WARN_STRICT_PROTOTYPES = YES;
				CLANG_WARN_SUSPICIOUS_MOVE = YES;
				CLANG_WARN_UNGUARDED_AVAILABILITY = YES_AGGRESSIVE;
				CLANG_WARN_UNREACHABLE_CODE = YES;
				CLANG_WARN__DUPLICATE_METHOD_MATCH = YES;
				COPY_PHASE_STRIP = NO;
				DEBUG_INFORMATION_FORMAT = dwarf;
				ENABLE_STRICT_OBJC_MSGSEND = YES;
				ENABLE_TESTABILITY = YES;
				ENABLE_USER_SCRIPT_SANDBOXING = YES;
				GCC_C_LANGUAGE_STANDARD = gnu17;
				GCC_DYNAMIC_NO_PIC = NO;
				GCC_NO_COMMON_BLOCKS = YES;
				GCC_OPTIMIZATION_LEVEL = 0;
				GCC_PREPROCESSOR_DEFINITIONS = (
					"DEBUG=1",
					"$(inherited)",
				);
				GCC_WARN_64_TO_32_BIT_CONVERSION = YES;
				GCC_WARN_ABOUT_RETURN_TYPE = YES_ERROR;
				GCC_WARN_UNDECLARED_SELECTOR = YES;
				GCC_WARN_UNINITIALIZED_AUTOS = YES_AGGRESSIVE;
				GCC_WARN_UNUSED_FUNCTION = YES;
				GCC_WARN_UNUSED_VARIABLE = YES;
				IPHONEOS_DEPLOYMENT_TARGET = 17.0;
				LOCALIZATION_PREFERS_STRING_CATALOGS = YES;
				MTL_ENABLE_DEBUG_INFO = INCLUDE_SOURCE;
				MTL_FAST_MATH = YES;
				ONLY_ACTIVE_ARCH = YES;
				SDKROOT = iphoneos;
				SWIFT_ACTIVE_COMPILATION_CONDITIONS = "DEBUG $(inherited)";
				SWIFT_OPTIMIZATION_LEVEL = "-Onone";
			};
			name = Debug;
		};
		4D6B45EA2B24EBBD003ABCAC /* Release */ = {
			isa = XCBuildConfiguration;
			buildSettings = {
				ALWAYS_SEARCH_USER_PATHS = NO;
				ASSETCATALOG_COMPILER_GENERATE_SWIFT_ASSET_SYMBOL_EXTENSIONS = YES;
				CLANG_ANALYZER_NONNULL = YES;
				CLANG_ANALYZER_NUMBER_OBJECT_CONVERSION = YES_AGGRESSIVE;
				CLANG_CXX_LANGUAGE_STANDARD = "gnu++20";
				CLANG_ENABLE_MODULES = YES;
				CLANG_ENABLE_OBJC_ARC = YES;
				CLANG_ENABLE_OBJC_WEAK = YES;
				CLANG_WARN_BLOCK_CAPTURE_AUTORELEASING = YES;
				CLANG_WARN_BOOL_CONVERSION = YES;
				CLANG_WARN_COMMA = YES;
				CLANG_WARN_CONSTANT_CONVERSION = YES;
				CLANG_WARN_DEPRECATED_OBJC_IMPLEMENTATIONS = YES;
				CLANG_WARN_DIRECT_OBJC_ISA_USAGE = YES_ERROR;
				CLANG_WARN_DOCUMENTATION_COMMENTS = YES;
				CLANG_WARN_EMPTY_BODY = YES;
				CLANG_WARN_ENUM_CONVERSION = YES;
				CLANG_WARN_INFINITE_RECURSION = YES;
				CLANG_WARN_INT_CONVERSION = YES;
				CLANG_WARN_NON_LITERAL_NULL_CONVERSION = YES;
				CLANG_WARN_OBJC_IMPLICIT_RETAIN_SELF = YES;
				CLANG_WARN_OBJC_LITERAL_CONVERSION = YES;
				CLANG_WARN_OBJC_ROOT_CLASS = YES_ERROR;
				CLANG_WARN_QUOTED_INCLUDE_IN_FRAMEWORK_HEADER = YES;
				CLANG_WARN_RANGE_LOOP_ANALYSIS = YES;
				CLANG_WARN_STRICT_PROTOTYPES = YES;
				CLANG_WARN_SUSPICIOUS_MOVE = YES;
				CLANG_WARN_UNGUARDED_AVAILABILITY = YES_AGGRESSIVE;
				CLANG_WARN_UNREACHABLE_CODE = YES;
				CLANG_WARN__DUPLICATE_METHOD_MATCH = YES;
				COPY_PHASE_STRIP = NO;
				DEBUG_INFORMATION_FORMAT = "dwarf-with-dsym";
				ENABLE_NS_ASSERTIONS = NO;
				ENABLE_STRICT_OBJC_MSGSEND = YES;
				ENABLE_USER_SCRIPT_SANDBOXING = YES;
				GCC_C_LANGUAGE_STANDARD = gnu17;
				GCC_NO_COMMON_BLOCKS = YES;
				GCC_WARN_64_TO_32_BIT_CONVERSION = YES;
				GCC_WARN_ABOUT_RETURN_TYPE = YES_ERROR;
				GCC_WARN_UNDECLARED_SELECTOR = YES;
				GCC_WARN_UNINITIALIZED_AUTOS = YES_AGGRESSIVE;
				GCC_WARN_UNUSED_FUNCTION = YES;
				GCC_WARN_UNUSED_VARIABLE = YES;
				IPHONEOS_DEPLOYMENT_TARGET = 17.0;
				LOCALIZATION_PREFERS_STRING_CATALOGS = YES;
				MTL_ENABLE_DEBUG_INFO = NO;
				MTL_FAST_MATH = YES;
				SDKROOT = iphoneos;
				SWIFT_COMPILATION_MODE = wholemodule;
				VALIDATE_PRODUCT = YES;
			};
			name = Release;
		};
		4D6B45EC2B24EBBD003ABCAC /* Debug */ = {
			isa = XCBuildConfiguration;
			buildSettings = {
				ASSETCATALOG_COMPILER_APPICON_NAME = AppIcon;
				ASSETCATALOG_COMPILER_GLOBAL_ACCENT_COLOR_NAME = AccentColor;
				CODE_SIGN_STYLE = Automatic;
				CURRENT_PROJECT_VERSION = 1;
				DEVELOPMENT_ASSET_PATHS = "\"iOSTestDevOps/Preview Content\"";
				DEVELOPMENT_TEAM = G9TBJCK73T;
				ENABLE_PREVIEWS = YES;
				GENERATE_INFOPLIST_FILE = YES;
				INFOPLIST_KEY_UIApplicationSceneManifest_Generation = YES;
				INFOPLIST_KEY_UIApplicationSupportsIndirectInputEvents = YES;
				INFOPLIST_KEY_UILaunchScreen_Generation = YES;
				INFOPLIST_KEY_UISupportedInterfaceOrientations_iPad = "UIInterfaceOrientationPortrait UIInterfaceOrientationPortraitUpsideDown UIInterfaceOrientationLandscapeLeft UIInterfaceOrientationLandscapeRight";
				INFOPLIST_KEY_UISupportedInterfaceOrientations_iPhone = "UIInterfaceOrientationPortrait UIInterfaceOrientationLandscapeLeft UIInterfaceOrientationLandscapeRight";
				LD_RUNPATH_SEARCH_PATHS = (
					"$(inherited)",
					"@executable_path/Frameworks",
				);
				MARKETING_VERSION = 1.0;
				PRODUCT_BUNDLE_IDENTIFIER = com.israman.somenews.iOSTestDevOps;
				PRODUCT_NAME = "$(TARGET_NAME)";
				SWIFT_EMIT_LOC_STRINGS = YES;
				SWIFT_VERSION = 5.0;
				TARGETED_DEVICE_FAMILY = "1,2";
			};
			name = Debug;
		};
		4D6B45ED2B24EBBD003ABCAC /* Release */ = {
			isa = XCBuildConfiguration;
			buildSettings = {
				ASSETCATALOG_COMPILER_APPICON_NAME = AppIcon;
				ASSETCATALOG_COMPILER_GLOBAL_ACCENT_COLOR_NAME = AccentColor;
				CODE_SIGN_STYLE = Automatic;
				CURRENT_PROJECT_VERSION = 1;
				DEVELOPMENT_ASSET_PATHS = "\"iOSTestDevOps/Preview Content\"";
				DEVELOPMENT_TEAM = G9TBJCK73T;
				ENABLE_PREVIEWS = YES;
				GENERATE_INFOPLIST_FILE = YES;
				INFOPLIST_KEY_UIApplicationSceneManifest_Generation = YES;
				INFOPLIST_KEY_UIApplicationSupportsIndirectInputEvents = YES;
				INFOPLIST_KEY_UILaunchScreen_Generation = YES;
				INFOPLIST_KEY_UISupportedInterfaceOrientations_iPad = "UIInterfaceOrientationPortrait UIInterfaceOrientationPortraitUpsideDown UIInterfaceOrientationLandscapeLeft UIInterfaceOrientationLandscapeRight";
				INFOPLIST_KEY_UISupportedInterfaceOrientations_iPhone = "UIInterfaceOrientationPortrait UIInterfaceOrientationLandscapeLeft UIInterfaceOrientationLandscapeRight";
				LD_RUNPATH_SEARCH_PATHS = (
					"$(inherited)",
					"@executable_path/Frameworks",
				);
				MARKETING_VERSION = 1.0;
				PRODUCT_BUNDLE_IDENTIFIER = com.israman.somenews.iOSTestDevOps;
				PRODUCT_NAME = "$(TARGET_NAME)";
				SWIFT_EMIT_LOC_STRINGS = YES;
				SWIFT_VERSION = 5.0;
				TARGETED_DEVICE_FAMILY = "1,2";
			};
			name = Release;
		};
		4D6B45EF2B24EBBD003ABCAC /* Debug */ = {
			isa = XCBuildConfiguration;
			buildSettings = {
				ALWAYS_EMBED_SWIFT_STANDARD_LIBRARIES = YES;
				BUNDLE_LOADER = "$(TEST_HOST)";
				CODE_SIGN_STYLE = Automatic;
				CURRENT_PROJECT_VERSION = 1;
				DEVELOPMENT_TEAM = G9TBJCK73T;
				GENERATE_INFOPLIST_FILE = YES;
				IPHONEOS_DEPLOYMENT_TARGET = 17.0;
				MARKETING_VERSION = 1.0;
				PRODUCT_BUNDLE_IDENTIFIER = com.israman.somenews.iOSTestDevOpsTests;
				PRODUCT_NAME = "$(TARGET_NAME)";
				SWIFT_EMIT_LOC_STRINGS = NO;
				SWIFT_VERSION = 5.0;
				TARGETED_DEVICE_FAMILY = "1,2";
				TEST_HOST = "$(BUILT_PRODUCTS_DIR)/iOSTestDevOps.app/$(BUNDLE_EXECUTABLE_FOLDER_PATH)/iOSTestDevOps";
			};
			name = Debug;
		};
		4D6B45F02B24EBBD003ABCAC /* Release */ = {
			isa = XCBuildConfiguration;
			buildSettings = {
				ALWAYS_EMBED_SWIFT_STANDARD_LIBRARIES = YES;
				BUNDLE_LOADER = "$(TEST_HOST)";
				CODE_SIGN_STYLE = Automatic;
				CURRENT_PROJECT_VERSION = 1;
				DEVELOPMENT_TEAM = G9TBJCK73T;
				GENERATE_INFOPLIST_FILE = YES;
				IPHONEOS_DEPLOYMENT_TARGET = 17.0;
				MARKETING_VERSION = 1.0;
				PRODUCT_BUNDLE_IDENTIFIER = com.israman.somenews.iOSTestDevOpsTests;
				PRODUCT_NAME = "$(TARGET_NAME)";
				SWIFT_EMIT_LOC_STRINGS = NO;
				SWIFT_VERSION = 5.0;
				TARGETED_DEVICE_FAMILY = "1,2";
				TEST_HOST = "$(BUILT_PRODUCTS_DIR)/iOSTestDevOps.app/$(BUNDLE_EXECUTABLE_FOLDER_PATH)/iOSTestDevOps";
			};
			name = Release;
		};
		4D6B45F22B24EBBD003ABCAC /* Debug */ = {
			isa = XCBuildConfiguration;
			buildSettings = {
				ALWAYS_EMBED_SWIFT_STANDARD_LIBRARIES = YES;
				CODE_SIGN_STYLE = Automatic;
				CURRENT_PROJECT_VERSION = 1;
				DEVELOPMENT_TEAM = G9TBJCK73T;
				GENERATE_INFOPLIST_FILE = YES;
				MARKETING_VERSION = 1.0;
				PRODUCT_BUNDLE_IDENTIFIER = com.israman.somenews.iOSTestDevOpsUITests;
				PRODUCT_NAME = "$(TARGET_NAME)";
				SWIFT_EMIT_LOC_STRINGS = NO;
				SWIFT_VERSION = 5.0;
				TARGETED_DEVICE_FAMILY = "1,2";
				TEST_TARGET_NAME = iOSTestDevOps;
			};
			name = Debug;
		};
		4D6B45F32B24EBBD003ABCAC /* Release */ = {
			isa = XCBuildConfiguration;
			buildSettings = {
				ALWAYS_EMBED_SWIFT_STANDARD_LIBRARIES = YES;
				CODE_SIGN_STYLE = Automatic;
				CURRENT_PROJECT_VERSION = 1;
				DEVELOPMENT_TEAM = G9TBJCK73T;
				GENERATE_INFOPLIST_FILE = YES;
				MARKETING_VERSION = 1.0;
				PRODUCT_BUNDLE_IDENTIFIER = com.israman.somenews.iOSTestDevOpsUITests;
				PRODUCT_NAME = "$(TARGET_NAME)";
				SWIFT_EMIT_LOC_STRINGS = NO;
				SWIFT_VERSION = 5.0;
				TARGETED_DEVICE_FAMILY = "1,2";
				TEST_TARGET_NAME = iOSTestDevOps;
			};
			name = Release;
		};
/* End XCBuildConfiguration section */

/* Begin XCConfigurationList section */
		4D6B45C22B24EBBB003ABCAC /* Build configuration list for PBXProject "iOSTestDevOps" */ = {
			isa = XCConfigurationList;
			buildConfigurations = (
				4D6B45E92B24EBBD003ABCAC /* Debug */,
				4D6B45EA2B24EBBD003ABCAC /* Release */,
			);
			defaultConfigurationIsVisible = 0;
			defaultConfigurationName = Release;
		};
		4D6B45EB2B24EBBD003ABCAC /* Build configuration list for PBXNativeTarget "iOSTestDevOps" */ = {
			isa = XCConfigurationList;
			buildConfigurations = (
				4D6B45EC2B24EBBD003ABCAC /* Debug */,
				4D6B45ED2B24EBBD003ABCAC /* Release */,
			);
			defaultConfigurationIsVisible = 0;
			defaultConfigurationName = Release;
		};
		4D6B45EE2B24EBBD003ABCAC /* Build configuration list for PBXNativeTarget "iOSTestDevOpsTests" */ = {
			isa = XCConfigurationList;
			buildConfigurations = (
				4D6B45EF2B24EBBD003ABCAC /* Debug */,
				4D6B45F02B24EBBD003ABCAC /* Release */,
			);
			defaultConfigurationIsVisible = 0;
			defaultConfigurationName = Release;
		};
		4D6B45F12B24EBBD003ABCAC /* Build configuration list for PBXNativeTarget "iOSTestDevOpsUITests" */ = {
			isa = XCConfigurationList;
			buildConfigurations = (
				4D6B45F22B24EBBD003ABCAC /* Debug */,
				4D6B45F32B24EBBD003ABCAC /* Release */,
			);
			defaultConfigurationIsVisible = 0;
			defaultConfigurationName = Release;
		};
/* End XCConfigurationList section */
	};
	rootObject = 4D6B45BF2B24EBBB003ABCAC /* Project object */;
}
